
Microsoft Visual Studio Solution File, Format Version 12.00
# Visual Studio 15
VisualStudioVersion = 15.0.27130.2020
MinimumVisualStudioVersion = 10.0.40219.1
Project("{FAE04EC0-301F-11D3-BF4B-00C04F79EFBC}") = "Web2DbApp.Ui", "Web2DbApp\Web2DbApp.Ui.csproj", "{EB0024F6-07A3-49BD-A6FC-BC707ACD175C}"
EndProject
Project("{FAE04EC0-301F-11D3-BF4B-00C04F79EFBC}") = "Web2DbApp.Services", "Web2DbApp.Services\Web2DbApp.Services.csproj", "{45A97A6A-CFEE-4B92-BFF8-519B8CC683BD}"
EndProject
Project("{FAE04EC0-301F-11D3-BF4B-00C04F79EFBC}") = "Web2DbApp.DataAccess", "Web2DbApp.DataAccess\Web2DbApp.DataAccess.csproj", "{28501505-90B7-4F5D-A469-BCB2152E885E}"
EndProject
Project("{FAE04EC0-301F-11D3-BF4B-00C04F79EFBC}") = "Web2DbApp.Entities", "Web2DbApp.Entities\Web2DbApp.Entities.csproj", "{6E476368-0829-41D9-B47A-2E54BF086855}"
EndProject
Global
	GlobalSection(SolutionConfigurationPlatforms) = preSolution
		Debug|Any CPU = Debug|Any CPU
		Release|Any CPU = Release|Any CPU
	EndGlobalSection
	GlobalSection(ProjectConfigurationPlatforms) = postSolution
		{EB0024F6-07A3-49BD-A6FC-BC707ACD175C}.Debug|Any CPU.ActiveCfg = Debug|Any CPU
		{EB0024F6-07A3-49BD-A6FC-BC707ACD175C}.Debug|Any CPU.Build.0 = Debug|Any CPU
		{EB0024F6-07A3-49BD-A6FC-BC707ACD175C}.Release|Any CPU.ActiveCfg = Release|Any CPU
		{EB0024F6-07A3-49BD-A6FC-BC707ACD175C}.Release|Any CPU.Build.0 = Release|Any CPU
		{45A97A6A-CFEE-4B92-BFF8-519B8CC683BD}.Debug|Any CPU.ActiveCfg = Debug|Any CPU
		{45A97A6A-CFEE-4B92-BFF8-519B8CC683BD}.Debug|Any CPU.Build.0 = Debug|Any CPU
		{45A97A6A-CFEE-4B92-BFF8-519B8CC683BD}.Release|Any CPU.ActiveCfg = Release|Any CPU
		{45A97A6A-CFEE-4B92-BFF8-519B8CC683BD}.Release|Any CPU.Build.0 = Release|Any CPU
		{28501505-90B7-4F5D-A469-BCB2152E885E}.Debug|Any CPU.ActiveCfg = Debug|Any CPU
		{28501505-90B7-4F5D-A469-BCB2152E885E}.Debug|Any CPU.Build.0 = Debug|Any CPU
		{28501505-90B7-4F5D-A469-BCB2152E885E}.Release|Any CPU.ActiveCfg = Release|Any CPU
		{28501505-90B7-4F5D-A469-BCB2152E885E}.Release|Any CPU.Build.0 = Release|Any CPU
		{6E476368-0829-41D9-B47A-2E54BF086855}.Debug|Any CPU.ActiveCfg = Debug|Any CPU
		{6E476368-0829-41D9-B47A-2E54BF086855}.Debug|Any CPU.Build.0 = Debug|Any CPU
		{6E476368-0829-41D9-B47A-2E54BF086855}.Release|Any CPU.ActiveCfg = Release|Any CPU
		{6E476368-0829-41D9-B47A-2E54BF086855}.Release|Any CPU.Build.0 = Release|Any CPU
	EndGlobalSection
	GlobalSection(SolutionProperties) = preSolution
		HideSolutionNode = FALSE
	EndGlobalSection
	GlobalSection(ExtensibilityGlobals) = postSolution
		SolutionGuid = {C797C09D-F597-4E29-88F0-9B3F4F741729}
	EndGlobalSection
EndGlobal
